
Microsoft Visual Studio Solution File, Format Version 12.00
# Visual Studio Version 16
VisualStudioVersion = 16.0.30320.27
MinimumVisualStudioVersion = 10.0.40219.1
Project("{FAE04EC0-301F-11D3-BF4B-00C04F79EFBC}") = "HUD Manager", "HUD Manager\HUD Manager.csproj", "{CBF13A29-A5A4-4FA2-8A4F-CFBB5FB83F90}"
EndProject
Global
	GlobalSection(SolutionConfigurationPlatforms) = preSolution
		Debug|Any CPU = Debug|Any CPU
		Release|Any CPU = Release|Any CPU
	EndGlobalSection
	GlobalSection(ProjectConfigurationPlatforms) = postSolution
		{CBF13A29-A5A4-4FA2-8A4F-CFBB5FB83F90}.Debug|Any CPU.ActiveCfg = Debug|Any CPU
		{CBF13A29-A5A4-4FA2-8A4F-CFBB5FB83F90}.Debug|Any CPU.Build.0 = Debug|Any CPU
		{CBF13A29-A5A4-4FA2-8A4F-CFBB5FB83F90}.Release|Any CPU.ActiveCfg = Release|Any CPU
		{CBF13A29-A5A4-4FA2-8A4F-CFBB5FB83F90}.Release|Any CPU.Build.0 = Release|Any CPU
	EndGlobalSection
	GlobalSection(SolutionProperties) = preSolution
		HideSolutionNode = FALSE
	EndGlobalSection
	GlobalSection(ExtensibilityGlobals) = postSolution
		SolutionGuid = {7B4DCC73-8EA2-4F58-9AB8-4F7C3EA36353}
	EndGlobalSection
EndGlobal
